github.com/google/uuid v1.2.0 h1:qJYtXnJRWmpe7m/3XlyhrsLrEURqHRM2kxzoxXqyUDs=
github.com/google/uuid v1.2.0/go.mod h1:TIyPZe4MgqvfeYDBFedMoGGpEw/LqOeaOT+nhxU+yHo=
github.com/mitchellh/hashstructure/v2 v2.0.1 h1:L60q1+q7cXE4JeEJJKMnh2brFIe3rZxCihYAB61ypAY=
github.com/mitchellh/hashstructure/v2 v2.0.1/go.mod h1:MG3aRVU/N29oo/V/IhBX8GR/zz4kQkprJgF2EVszyDE=
